// !$*UTF8*$!
{
	archiveVersion = 1;
	classes = {
	};
	objectVersion = 55;
	objects = {

/* Begin PBXBuildFile section */
		DE08ABBC274CDDC500C4302A /* AppDelegate.swift in Sources */ = {isa = PBXBuildFile; fileRef = DE08ABBB274CDDC500C4302A /* AppDelegate.swift */; };
		DE08ABBE274CDDC500C4302A /* SceneDelegate.swift in Sources */ = {isa = PBXBuildFile; fileRef = DE08ABBD274CDDC500C4302A /* SceneDelegate.swift */; };
		DE08ABC0274CDDC500C4302A /* ListViewController.swift in Sources */ = {isa = PBXBuildFile; fileRef = DE08ABBF274CDDC500C4302A /* ListViewController.swift */; };
		DE08ABC3274CDDC600C4302A /* Main.storyboard in Resources */ = {isa = PBXBuildFile; fileRef = DE08ABC1274CDDC600C4302A /* Main.storyboard */; };
		DE08ABC6274CDDC600C4302A /* ITFrogTestTask.xcdatamodeld in Sources */ = {isa = PBXBuildFile; fileRef = DE08ABC4274CDDC600C4302A /* ITFrogTestTask.xcdatamodeld */; };
		DE08ABC8274CDDC700C4302A /* Assets.xcassets in Resources */ = {isa = PBXBuildFile; fileRef = DE08ABC7274CDDC700C4302A /* Assets.xcassets */; };
		DE08ABCB274CDDC700C4302A /* LaunchScreen.storyboard in Resources */ = {isa = PBXBuildFile; fileRef = DE08ABC9274CDDC700C4302A /* LaunchScreen.storyboard */; };
		DE08ABD3274CE80600C4302A /* SelectionListViewController.swift in Sources */ = {isa = PBXBuildFile; fileRef = DE08ABD2274CE80600C4302A /* SelectionListViewController.swift */; };
		DE08ABD5274CE87100C4302A /* CollectionViewCell.swift in Sources */ = {isa = PBXBuildFile; fileRef = DE08ABD4274CE87100C4302A /* CollectionViewCell.swift */; };
		DE08ABD7274CF5C800C4302A /* TableViewCell.swift in Sources */ = {isa = PBXBuildFile; fileRef = DE08ABD6274CF5C800C4302A /* TableViewCell.swift */; };
		DE19F1BC274FE090006EEC7B /* ListsCollectionViewFlowLayout.swift in Sources */ = {isa = PBXBuildFile; fileRef = DE19F1BB274FE090006EEC7B /* ListsCollectionViewFlowLayout.swift */; };
		DE19F1E527511300006EEC7B /* NewListViewController.swift in Sources */ = {isa = PBXBuildFile; fileRef = DE19F1E427511300006EEC7B /* NewListViewController.swift */; };
		DE19F1E727511BE7006EEC7B /* CheckTableViewCell.swift in Sources */ = {isa = PBXBuildFile; fileRef = DE19F1E627511BE7006EEC7B /* CheckTableViewCell.swift */; };
		DE5F5C9027551BA2008CBFEA /* List+CoreDataClass.swift in Sources */ = {isa = PBXBuildFile; fileRef = DE5F5C8E27551BA2008CBFEA /* List+CoreDataClass.swift */; };
		DE5F5C9127551BA2008CBFEA /* List+CoreDataProperties.swift in Sources */ = {isa = PBXBuildFile; fileRef = DE5F5C8F27551BA2008CBFEA /* List+CoreDataProperties.swift */; };
		DEF1A5292752129C00C976C3 /* ColorsPaletteCollectionViewCell.swift in Sources */ = {isa = PBXBuildFile; fileRef = DEF1A5282752129C00C976C3 /* ColorsPaletteCollectionViewCell.swift */; };
/* End PBXBuildFile section */

/* Begin PBXFileReference section */
		DE08ABB8274CDDC500C4302A /* ITFrogTestTask.app */ = {isa = PBXFileReference; explicitFileType = wrapper.application; includeInIndex = 0; path = ITFrogTestTask.app; sourceTree = BUILT_PRODUCTS_DIR; };
		DE08ABBB274CDDC500C4302A /* AppDelegate.swift */ = {isa = PBXFileReference; lastKnownFileType = sourcecode.swift; path = AppDelegate.swift; sourceTree = "<group>"; };
		DE08ABBD274CDDC500C4302A /* SceneDelegate.swift */ = {isa = PBXFileReference; lastKnownFileType = sourcecode.swift; path = SceneDelegate.swift; sourceTree = "<group>"; };
		DE08ABBF274CDDC500C4302A /* ListViewController.swift */ = {isa = PBXFileReference; lastKnownFileType = sourcecode.swift; path = ListViewController.swift; sourceTree = "<group>"; };
		DE08ABC2274CDDC600C4302A /* Base */ = {isa = PBXFileReference; lastKnownFileType = file.storyboard; name = Base; path = Base.lproj/Main.storyboard; sourceTree = "<group>"; };
		DE08ABC5274CDDC600C4302A /* ITFrogTestTask.xcdatamodel */ = {isa = PBXFileReference; lastKnownFileType = wrapper.xcdatamodel; path = ITFrogTestTask.xcdatamodel; sourceTree = "<group>"; };
		DE08ABC7274CDDC700C4302A /* Assets.xcassets */ = {isa = PBXFileReference; lastKnownFileType = folder.assetcatalog; path = Assets.xcassets; sourceTree = "<group>"; };
		DE08ABCA274CDDC700C4302A /* Base */ = {isa = PBXFileReference; lastKnownFileType = file.storyboard; name = Base; path = Base.lproj/LaunchScreen.storyboard; sourceTree = "<group>"; };
		DE08ABCC274CDDC700C4302A /* Info.plist */ = {isa = PBXFileReference; lastKnownFileType = text.plist.xml; path = Info.plist; sourceTree = "<group>"; };
		DE08ABD2274CE80600C4302A /* SelectionListViewController.swift */ = {isa = PBXFileReference; lastKnownFileType = sourcecode.swift; path = SelectionListViewController.swift; sourceTree = "<group>"; };
		DE08ABD4274CE87100C4302A /* CollectionViewCell.swift */ = {isa = PBXFileReference; lastKnownFileType = sourcecode.swift; path = CollectionViewCell.swift; sourceTree = "<group>"; };
		DE08ABD6274CF5C800C4302A /* TableViewCell.swift */ = {isa = PBXFileReference; lastKnownFileType = sourcecode.swift; path = TableViewCell.swift; sourceTree = "<group>"; };
		DE19F1BB274FE090006EEC7B /* ListsCollectionViewFlowLayout.swift */ = {isa = PBXFileReference; lastKnownFileType = sourcecode.swift; path = ListsCollectionViewFlowLayout.swift; sourceTree = "<group>"; };
		DE19F1E427511300006EEC7B /* NewListViewController.swift */ = {isa = PBXFileReference; lastKnownFileType = sourcecode.swift; path = NewListViewController.swift; sourceTree = "<group>"; };
		DE19F1E627511BE7006EEC7B /* CheckTableViewCell.swift */ = {isa = PBXFileReference; lastKnownFileType = sourcecode.swift; path = CheckTableViewCell.swift; sourceTree = "<group>"; };
		DE5F5C8E27551BA2008CBFEA /* List+CoreDataClass.swift */ = {isa = PBXFileReference; lastKnownFileType = sourcecode.swift; path = "List+CoreDataClass.swift"; sourceTree = "<group>"; };
		DE5F5C8F27551BA2008CBFEA /* List+CoreDataProperties.swift */ = {isa = PBXFileReference; lastKnownFileType = sourcecode.swift; path = "List+CoreDataProperties.swift"; sourceTree = "<group>"; };
		DEF1A5282752129C00C976C3 /* ColorsPaletteCollectionViewCell.swift */ = {isa = PBXFileReference; lastKnownFileType = sourcecode.swift; path = ColorsPaletteCollectionViewCell.swift; sourceTree = "<group>"; };
/* End PBXFileReference section */

/* Begin PBXFrameworksBuildPhase section */
		DE08ABB5274CDDC500C4302A /* Frameworks */ = {
			isa = PBXFrameworksBuildPhase;
			buildActionMask = 2147483647;
			files = (
			);
			runOnlyForDeploymentPostprocessing = 0;
		};
/* End PBXFrameworksBuildPhase section */

/* Begin PBXGroup section */
		DE08ABAF274CDDC500C4302A = {
			isa = PBXGroup;
			children = (
				DE08ABBA274CDDC500C4302A /* ITFrogTestTask */,
				DE08ABB9274CDDC500C4302A /* Products */,
			);
			sourceTree = "<group>";
		};
		DE08ABB9274CDDC500C4302A /* Products */ = {
			isa = PBXGroup;
			children = (
				DE08ABB8274CDDC500C4302A /* ITFrogTestTask.app */,
			);
			name = Products;
			sourceTree = "<group>";
		};
		DE08ABBA274CDDC500C4302A /* ITFrogTestTask */ = {
			isa = PBXGroup;
			children = (
				DE08ABBB274CDDC500C4302A /* AppDelegate.swift */,
				DE08ABBD274CDDC500C4302A /* SceneDelegate.swift */,
				DE5F5C5D27539A49008CBFEA /* CoreData */,
				DE19F1EA27516DE4006EEC7B /* List */,
				DE19F1EB27516E14006EEC7B /* SelectionList */,
				DE19F1EC27516E67006EEC7B /* CreateList */,
				DE08ABC1274CDDC600C4302A /* Main.storyboard */,
				DE08ABC7274CDDC700C4302A /* Assets.xcassets */,
				DE08ABC9274CDDC700C4302A /* LaunchScreen.storyboard */,
				DE08ABCC274CDDC700C4302A /* Info.plist */,
				DE08ABC4274CDDC600C4302A /* ITFrogTestTask.xcdatamodeld */,
			);
			path = ITFrogTestTask;
			sourceTree = "<group>";
		};
		DE19F1EA27516DE4006EEC7B /* List */ = {
			isa = PBXGroup;
			children = (
				DE08ABBF274CDDC500C4302A /* ListViewController.swift */,
				DE08ABD6274CF5C800C4302A /* TableViewCell.swift */,
			);
			path = List;
			sourceTree = "<group>";
		};
		DE19F1EB27516E14006EEC7B /* SelectionList */ = {
			isa = PBXGroup;
			children = (
				DE19F1BB274FE090006EEC7B /* ListsCollectionViewFlowLayout.swift */,
				DE08ABD4274CE87100C4302A /* CollectionViewCell.swift */,
				DE08ABD2274CE80600C4302A /* SelectionListViewController.swift */,
			);
			path = SelectionList;
			sourceTree = "<group>";
		};
		DE19F1EC27516E67006EEC7B /* CreateList */ = {
			isa = PBXGroup;
			children = (
				DE19F1E427511300006EEC7B /* NewListViewController.swift */,
				DEF1A5282752129C00C976C3 /* ColorsPaletteCollectionViewCell.swift */,
				DE19F1E627511BE7006EEC7B /* CheckTableViewCell.swift */,
			);
			path = CreateList;
			sourceTree = "<group>";
		};
		DE5F5C5D27539A49008CBFEA /* CoreData */ = {
			isa = PBXGroup;
			children = (
				DE5F5C8E27551BA2008CBFEA /* List+CoreDataClass.swift */,
				DE5F5C8F27551BA2008CBFEA /* List+CoreDataProperties.swift */,
			);
			path = CoreData;
			sourceTree = "<group>";
		};
/* End PBXGroup section */

/* Begin PBXNativeTarget section */
		DE08ABB7274CDDC500C4302A /* ITFrogTestTask */ = {
			isa = PBXNativeTarget;
			buildConfigurationList = DE08ABCF274CDDC700C4302A /* Build configuration list for PBXNativeTarget "ITFrogTestTask" */;
			buildPhases = (
				DE08ABB4274CDDC500C4302A /* Sources */,
				DE08ABB5274CDDC500C4302A /* Frameworks */,
				DE08ABB6274CDDC500C4302A /* Resources */,
			);
			buildRules = (
			);
			dependencies = (
			);
			name = ITFrogTestTask;
			productName = ITFrogTestTask;
			productReference = DE08ABB8274CDDC500C4302A /* ITFrogTestTask.app */;
			productType = "com.apple.product-type.application";
		};
/* End PBXNativeTarget section */

/* Begin PBXProject section */
		DE08ABB0274CDDC500C4302A /* Project object */ = {
			isa = PBXProject;
			attributes = {
				BuildIndependentTargetsInParallel = 1;
				LastSwiftUpdateCheck = 1310;
				LastUpgradeCheck = 1310;
				TargetAttributes = {
					DE08ABB7274CDDC500C4302A = {
						CreatedOnToolsVersion = 13.1;
					};
				};
			};
			buildConfigurationList = DE08ABB3274CDDC500C4302A /* Build configuration list for PBXProject "ITFrogTestTask" */;
			compatibilityVersion = "Xcode 13.0";
			developmentRegion = en;
			hasScannedForEncodings = 0;
			knownRegions = (
				en,
				Base,
			);
			mainGroup = DE08ABAF274CDDC500C4302A;
			productRefGroup = DE08ABB9274CDDC500C4302A /* Products */;
			projectDirPath = "";
			projectRoot = "";
			targets = (
				DE08ABB7274CDDC500C4302A /* ITFrogTestTask */,
			);
		};
/* End PBXProject section */

/* Begin PBXResourcesBuildPhase section */
		DE08ABB6274CDDC500C4302A /* Resources */ = {
			isa = PBXResourcesBuildPhase;
			buildActionMask = 2147483647;
			files = (
				DE08ABCB274CDDC700C4302A /* LaunchScreen.storyboard in Resources */,
				DE08ABC8274CDDC700C4302A /* Assets.xcassets in Resources */,
				DE08ABC3274CDDC600C4302A /* Main.storyboard in Resources */,
			);
			runOnlyForDeploymentPostprocessing = 0;
		};
/* End PBXResourcesBuildPhase section */

/* Begin PBXSourcesBuildPhase section */
		DE08ABB4274CDDC500C4302A /* Sources */ = {
			isa = PBXSourcesBuildPhase;
			buildActionMask = 2147483647;
			files = (
				DE5F5C9127551BA2008CBFEA /* List+CoreDataProperties.swift in Sources */,
				DE08ABC0274CDDC500C4302A /* ListViewController.swift in Sources */,
				DE08ABD3274CE80600C4302A /* SelectionListViewController.swift in Sources */,
				DE19F1BC274FE090006EEC7B /* ListsCollectionViewFlowLayout.swift in Sources */,
				DE19F1E527511300006EEC7B /* NewListViewController.swift in Sources */,
				DEF1A5292752129C00C976C3 /* ColorsPaletteCollectionViewCell.swift in Sources */,
				DE08ABD5274CE87100C4302A /* CollectionViewCell.swift in Sources */,
				DE08ABC6274CDDC600C4302A /* ITFrogTestTask.xcdatamodeld in Sources */,
				DE5F5C9027551BA2008CBFEA /* List+CoreDataClass.swift in Sources */,
				DE19F1E727511BE7006EEC7B /* CheckTableViewCell.swift in Sources */,
				DE08ABBC274CDDC500C4302A /* AppDelegate.swift in Sources */,
				DE08ABD7274CF5C800C4302A /* TableViewCell.swift in Sources */,
				DE08ABBE274CDDC500C4302A /* SceneDelegate.swift in Sources */,
			);
			runOnlyForDeploymentPostprocessing = 0;
		};
/* End PBXSourcesBuildPhase section */

/* Begin PBXVariantGroup section */
		DE08ABC1274CDDC600C4302A /* Main.storyboard */ = {
			isa = PBXVariantGroup;
			children = (
				DE08ABC2274CDDC600C4302A /* Base */,
			);
			name = Main.storyboard;
			sourceTree = "<group>";
		};
		DE08ABC9274CDDC700C4302A /* LaunchScreen.storyboard */ = {
			isa = PBXVariantGroup;
			children = (
				DE08ABCA274CDDC700C4302A /* Base */,
			);
			name = LaunchScreen.storyboard;
			sourceTree = "<group>";
		};
/* End PBXVariantGroup section */

/* Begin XCBuildConfiguration section */
		DE08ABCD274CDDC700C4302A /* Debug */ = {
			isa = XCBuildConfiguration;
			buildSettings = {
				ALWAYS_SEARCH_USER_PATHS = NO;
				CLANG_ANALYZER_NONNULL = YES;
				CLANG_ANALYZER_NUMBER_OBJECT_CONVERSION = YES_AGGRESSIVE;
				CLANG_CXX_LANGUAGE_STANDARD = "gnu++17";
				CLANG_CXX_LIBRARY = "libc++";
				CLANG_ENABLE_MODULES = YES;
				CLANG_ENABLE_OBJC_ARC = YES;
				CLANG_ENABLE_OBJC_WEAK = YES;
				CLANG_WARN_BLOCK_CAPTURE_AUTORELEASING = YES;
				CLANG_WARN_BOOL_CONVERSION = YES;
				CLANG_WARN_COMMA = YES;
				CLANG_WARN_CONSTANT_CONVERSION = YES;
				CLANG_WARN_DEPRECATED_OBJC_IMPLEMENTATIONS = YES;
				CLANG_WARN_DIRECT_OBJC_ISA_USAGE = YES_ERROR;
				CLANG_WARN_DOCUMENTATION_COMMENTS = YES;
				CLANG_WARN_EMPTY_BODY = YES;
				CLANG_WARN_ENUM_CONVERSION = YES;
				CLANG_WARN_INFINITE_RECURSION = YES;
				CLANG_WARN_INT_CONVERSION = YES;
				CLANG_WARN_NON_LITERAL_NULL_CONVERSION = YES;
				CLANG_WARN_OBJC_IMPLICIT_RETAIN_SELF = YES;
				CLANG_WARN_OBJC_LITERAL_CONVERSION = YES;
				CLANG_WARN_OBJC_ROOT_CLASS = YES_ERROR;
				CLANG_WARN_QUOTED_INCLUDE_IN_FRAMEWORK_HEADER = YES;
				CLANG_WARN_RANGE_LOOP_ANALYSIS = YES;
				CLANG_WARN_STRICT_PROTOTYPES = YES;
				CLANG_WARN_SUSPICIOUS_MOVE = YES;
				CLANG_WARN_UNGUARDED_AVAILABILITY = YES_AGGRESSIVE;
				CLANG_WARN_UNREACHABLE_CODE = YES;
				CLANG_WARN__DUPLICATE_METHOD_MATCH = YES;
				COPY_PHASE_STRIP = NO;
				DEBUG_INFORMATION_FORMAT = dwarf;
				ENABLE_STRICT_OBJC_MSGSEND = YES;
				ENABLE_TESTABILITY = YES;
				GCC_C_LANGUAGE_STANDARD = gnu11;
				GCC_DYNAMIC_NO_PIC = NO;
				GCC_NO_COMMON_BLOCKS = YES;
				GCC_OPTIMIZATION_LEVEL = 0;
				GCC_PREPROCESSOR_DEFINITIONS = (
					"DEBUG=1",
					"$(inherited)",
				);
				GCC_WARN_64_TO_32_BIT_CONVERSION = YES;
				GCC_WARN_ABOUT_RETURN_TYPE = YES_ERROR;
				GCC_WARN_UNDECLARED_SELECTOR = YES;
				GCC_WARN_UNINITIALIZED_AUTOS = YES_AGGRESSIVE;
				GCC_WARN_UNUSED_FUNCTION = YES;
				GCC_WARN_UNUSED_VARIABLE = YES;
				IPHONEOS_DEPLOYMENT_TARGET = 15.0;
				MTL_ENABLE_DEBUG_INFO = INCLUDE_SOURCE;
				MTL_FAST_MATH = YES;
				ONLY_ACTIVE_ARCH = YES;
				SDKROOT = iphoneos;
				SWIFT_ACTIVE_COMPILATION_CONDITIONS = DEBUG;
				SWIFT_OPTIMIZATION_LEVEL = "-Onone";
			};
			name = Debug;
		};
		DE08ABCE274CDDC700C4302A /* Release */ = {
			isa = XCBuildConfiguration;
			buildSettings = {
				ALWAYS_SEARCH_USER_PATHS = NO;
				CLANG_ANALYZER_NONNULL = YES;
				CLANG_ANALYZER_NUMBER_OBJECT_CONVERSION = YES_AGGRESSIVE;
				CLANG_CXX_LANGUAGE_STANDARD = "gnu++17";
				CLANG_CXX_LIBRARY = "libc++";
				CLANG_ENABLE_MODULES = YES;
				CLANG_ENABLE_OBJC_ARC = YES;
				CLANG_ENABLE_OBJC_WEAK = YES;
				CLANG_WARN_BLOCK_CAPTURE_AUTORELEASING = YES;
				CLANG_WARN_BOOL_CONVERSION = YES;
				CLANG_WARN_COMMA = YES;
				CLANG_WARN_CONSTANT_CONVERSION = YES;
				CLANG_WARN_DEPRECATED_OBJC_IMPLEMENTATIONS = YES;
				CLANG_WARN_DIRECT_OBJC_ISA_USAGE = YES_ERROR;
				CLANG_WARN_DOCUMENTATION_COMMENTS = YES;
				CLANG_WARN_EMPTY_BODY = YES;
				CLANG_WARN_ENUM_CONVERSION = YES;
				CLANG_WARN_INFINITE_RECURSION = YES;
				CLANG_WARN_INT_CONVERSION = YES;
				CLANG_WARN_NON_LITERAL_NULL_CONVERSION = YES;
				CLANG_WARN_OBJC_IMPLICIT_RETAIN_SELF = YES;
				CLANG_WARN_OBJC_LITERAL_CONVERSION = YES;
				CLANG_WARN_OBJC_ROOT_CLASS = YES_ERROR;
				CLANG_WARN_QUOTED_INCLUDE_IN_FRAMEWORK_HEADER = YES;
				CLANG_WARN_RANGE_LOOP_ANALYSIS = YES;
				CLANG_WARN_STRICT_PROTOTYPES = YES;
				CLANG_WARN_SUSPICIOUS_MOVE = YES;
				CLANG_WARN_UNGUARDED_AVAILABILITY = YES_AGGRESSIVE;
				CLANG_WARN_UNREACHABLE_CODE = YES;
				CLANG_WARN__DUPLICATE_METHOD_MATCH = YES;
				COPY_PHASE_STRIP = NO;
				DEBUG_INFORMATION_FORMAT = "dwarf-with-dsym";
				ENABLE_NS_ASSERTIONS = NO;
				ENABLE_STRICT_OBJC_MSGSEND = YES;
				GCC_C_LANGUAGE_STANDARD = gnu11;
				GCC_NO_COMMON_BLOCKS = YES;
				GCC_WARN_64_TO_32_BIT_CONVERSION = YES;
				GCC_WARN_ABOUT_RETURN_TYPE = YES_ERROR;
				GCC_WARN_UNDECLARED_SELECTOR = YES;
				GCC_WARN_UNINITIALIZED_AUTOS = YES_AGGRESSIVE;
				GCC_WARN_UNUSED_FUNCTION = YES;
				GCC_WARN_UNUSED_VARIABLE = YES;
				IPHONEOS_DEPLOYMENT_TARGET = 15.0;
				MTL_ENABLE_DEBUG_INFO = NO;
				MTL_FAST_MATH = YES;
				SDKROOT = iphoneos;
				SWIFT_COMPILATION_MODE = wholemodule;
				SWIFT_OPTIMIZATION_LEVEL = "-O";
				VALIDATE_PRODUCT = YES;
			};
			name = Release;
		};
		DE08ABD0274CDDC700C4302A /* Debug */ = {
			isa = XCBuildConfiguration;
			buildSettings = {
				ASSETCATALOG_COMPILER_APPICON_NAME = AppIcon;
				ASSETCATALOG_COMPILER_GLOBAL_ACCENT_COLOR_NAME = AccentColor;
				CODE_SIGN_STYLE = Automatic;
				CURRENT_PROJECT_VERSION = 1;
				DEVELOPMENT_TEAM = 2V5Z2558JH;
				GENERATE_INFOPLIST_FILE = YES;
				INFOPLIST_FILE = ITFrogTestTask/Info.plist;
				INFOPLIST_KEY_UIApplicationSupportsIndirectInputEvents = YES;
				INFOPLIST_KEY_UILaunchStoryboardName = LaunchScreen;
				INFOPLIST_KEY_UIMainStoryboardFile = Main;
				INFOPLIST_KEY_UISupportedInterfaceOrientations_iPad = "UIInterfaceOrientationPortrait UIInterfaceOrientationPortraitUpsideDown UIInterfaceOrientationLandscapeLeft UIInterfaceOrientationLandscapeRight";
				INFOPLIST_KEY_UISupportedInterfaceOrientations_iPhone = "UIInterfaceOrientationPortrait UIInterfaceOrientationLandscapeLeft UIInterfaceOrientationLandscapeRight";
				LD_RUNPATH_SEARCH_PATHS = (
					"$(inherited)",
					"@executable_path/Frameworks",
				);
				MARKETING_VERSION = 1.0;
				PRODUCT_BUNDLE_IDENTIFIER = com.Daniel.ITFrogTestTask;
				PRODUCT_NAME = "$(TARGET_NAME)";
				SWIFT_EMIT_LOC_STRINGS = YES;
				SWIFT_VERSION = 5.0;
				TARGETED_DEVICE_FAMILY = "1,2";
			};
			name = Debug;
		};
		DE08ABD1274CDDC700C4302A /* Release */ = {
			isa = XCBuildConfiguration;
			buildSettings = {
				ASSETCATALOG_COMPILER_APPICON_NAME = AppIcon;
				ASSETCATALOG_COMPILER_GLOBAL_ACCENT_COLOR_NAME = AccentColor;
				CODE_SIGN_STYLE = Automatic;
				CURRENT_PROJECT_VERSION = 1;
				DEVELOPMENT_TEAM = 2V5Z2558JH;
				GENERATE_INFOPLIST_FILE = YES;
				INFOPLIST_FILE = ITFrogTestTask/Info.plist;
				INFOPLIST_KEY_UIApplicationSupportsIndirectInputEvents = YES;
				INFOPLIST_KEY_UILaunchStoryboardName = LaunchScreen;
				INFOPLIST_KEY_UIMainStoryboardFile = Main;
				INFOPLIST_KEY_UISupportedInterfaceOrientations_iPad = "UIInterfaceOrientationPortrait UIInterfaceOrientationPortraitUpsideDown UIInterfaceOrientationLandscapeLeft UIInterfaceOrientationLandscapeRight";
				INFOPLIST_KEY_UISupportedInterfaceOrientations_iPhone = "UIInterfaceOrientationPortrait UIInterfaceOrientationLandscapeLeft UIInterfaceOrientationLandscapeRight";
				LD_RUNPATH_SEARCH_PATHS = (
					"$(inherited)",
					"@executable_path/Frameworks",
				);
				MARKETING_VERSION = 1.0;
				PRODUCT_BUNDLE_IDENTIFIER = com.Daniel.ITFrogTestTask;
				PRODUCT_NAME = "$(TARGET_NAME)";
				SWIFT_EMIT_LOC_STRINGS = YES;
				SWIFT_VERSION = 5.0;
				TARGETED_DEVICE_FAMILY = "1,2";
			};
			name = Release;
		};
/* End XCBuildConfiguration section */

/* Begin XCConfigurationList section */
		DE08ABB3274CDDC500C4302A /* Build configuration list for PBXProject "ITFrogTestTask" */ = {
			isa = XCConfigurationList;
			buildConfigurations = (
				DE08ABCD274CDDC700C4302A /* Debug */,
				DE08ABCE274CDDC700C4302A /* Release */,
			);
			defaultConfigurationIsVisible = 0;
			defaultConfigurationName = Release;
		};
		DE08ABCF274CDDC700C4302A /* Build configuration list for PBXNativeTarget "ITFrogTestTask" */ = {
			isa = XCConfigurationList;
			buildConfigurations = (
				DE08ABD0274CDDC700C4302A /* Debug */,
				DE08ABD1274CDDC700C4302A /* Release */,
			);
			defaultConfigurationIsVisible = 0;
			defaultConfigurationName = Release;
		};
/* End XCConfigurationList section */

/* Begin XCVersionGroup section */
		DE08ABC4274CDDC600C4302A /* ITFrogTestTask.xcdatamodeld */ = {
			isa = XCVersionGroup;
			children = (
				DE08ABC5274CDDC600C4302A /* ITFrogTestTask.xcdatamodel */,
			);
			currentVersion = DE08ABC5274CDDC600C4302A /* ITFrogTestTask.xcdatamodel */;
			path = ITFrogTestTask.xcdatamodeld;
			sourceTree = "<group>";
			versionGroupType = wrapper.xcdatamodel;
		};
/* End XCVersionGroup section */
	};
	rootObject = DE08ABB0274CDDC500C4302A /* Project object */;
}
